
Microsoft Visual Studio Solution File, Format Version 12.00
# Visual Studio Version 17
VisualStudioVersion = 17.9.34526.213
MinimumVisualStudioVersion = 10.0.40219.1
Project("{FAE04EC0-301F-11D3-BF4B-00C04F79EFBC}") = "Flyout Header issue", "Flyout Header issue\Flyout Header issue.csproj", "{AFAA8ED6-69CE-4F99-A613-EEFE522D58EF}"
EndProject
Global
	GlobalSection(SolutionConfigurationPlatforms) = preSolution
		Debug|Any CPU = Debug|Any CPU
		Release|Any CPU = Release|Any CPU
	EndGlobalSection
	GlobalSection(ProjectConfigurationPlatforms) = postSolution
		{AFAA8ED6-69CE-4F99-A613-EEFE522D58EF}.Debug|Any CPU.ActiveCfg = Debug|Any CPU
		{AFAA8ED6-69CE-4F99-A613-EEFE522D58EF}.Debug|Any CPU.Build.0 = Debug|Any CPU
		{AFAA8ED6-69CE-4F99-A613-EEFE522D58EF}.Debug|Any CPU.Deploy.0 = Debug|Any CPU
		{AFAA8ED6-69CE-4F99-A613-EEFE522D58EF}.Release|Any CPU.ActiveCfg = Release|Any CPU
		{AFAA8ED6-69CE-4F99-A613-EEFE522D58EF}.Release|Any CPU.Build.0 = Release|Any CPU
		{AFAA8ED6-69CE-4F99-A613-EEFE522D58EF}.Release|Any CPU.Deploy.0 = Release|Any CPU
	EndGlobalSection
	GlobalSection(SolutionProperties) = preSolution
		HideSolutionNode = FALSE
	EndGlobalSection
	GlobalSection(ExtensibilityGlobals) = postSolution
		SolutionGuid = {57B2F84B-1908-4156-B4DD-013B26EF2D80}
	EndGlobalSection
EndGlobal
